
Microsoft Visual Studio Solution File, Format Version 12.00
# Visual Studio 15
VisualStudioVersion = 15.0.27130.2020
MinimumVisualStudioVersion = 10.0.40219.1
Project("{888888A0-9F3D-457C-B088-3A5042F75D52}") = "TCP_SERVER", "TCP_SERVER\TCP_SERVER.pyproj", "{8DBA9657-5311-4A08-A730-2BC3033897E0}"
EndProject
Global
	GlobalSection(SolutionConfigurationPlatforms) = preSolution
		Debug|Any CPU = Debug|Any CPU
		Release|Any CPU = Release|Any CPU
	EndGlobalSection
	GlobalSection(ProjectConfigurationPlatforms) = postSolution
		{8DBA9657-5311-4A08-A730-2BC3033897E0}.Debug|Any CPU.ActiveCfg = Debug|Any CPU
		{8DBA9657-5311-4A08-A730-2BC3033897E0}.Release|Any CPU.ActiveCfg = Release|Any CPU
	EndGlobalSection
	GlobalSection(SolutionProperties) = preSolution
		HideSolutionNode = FALSE
	EndGlobalSection
	GlobalSection(ExtensibilityGlobals) = postSolution
		SolutionGuid = {6B501D0D-6A48-47E1-92CE-67636758E2EE}
	EndGlobalSection
EndGlobal
